
Microsoft Visual Studio Solution File, Format Version 10.00
# Visual Studio 2008
Project("{FAE04EC0-301F-11D3-BF4B-00C04F79EFBC}") = "BMS.WEB", "BMS.WEB\BMS.WEB.csproj", "{BFBB778E-05DD-45F7-872A-7E6733415690}"
EndProject
Project("{FAE04EC0-301F-11D3-BF4B-00C04F79EFBC}") = "BMS.SERVICE", "BMS.SERVICES\BMS.SERVICE.csproj", "{307CD938-0736-4A89-BC18-958DB943B947}"
EndProject
Project("{FAE04EC0-301F-11D3-BF4B-00C04F79EFBC}") = "BMS.DAO", "BMS.DAO\BMS.DAO.csproj", "{3A3070F8-6CCB-4F77-9B8C-E25A917E13FD}"
EndProject
Project("{2150E333-8FDC-42A3-9474-1A3956D46DE8}") = "DAO", "DAO", "{4AF2E434-CDA9-4C6C-9336-F804875F41AF}"
EndProject
Project("{FAE04EC0-301F-11D3-BF4B-00C04F79EFBC}") = "BMS.DAO.TEST", "BMS.DAO.TEST\BMS.DAO.TEST.csproj", "{4772A80D-F454-4BE4-B376-0350FD114F43}"
EndProject
Project("{2150E333-8FDC-42A3-9474-1A3956D46DE8}") = "SERVICE", "SERVICE", "{F58E0E23-CFC0-4239-8931-DF6EF2CF38EB}"
EndProject
Project("{FAE04EC0-301F-11D3-BF4B-00C04F79EFBC}") = "BMS.SERVICE.TEST", "BMS.SERVICE.TEST\BMS.SERVICE.TEST.csproj", "{C7F9BC11-509C-465B-9AE4-9C2C064D3D43}"
EndProject
Project("{FAE04EC0-301F-11D3-BF4B-00C04F79EFBC}") = "BMS.MODEL", "BMS.MODEL\BMS.MODEL.csproj", "{74FB125B-9FBF-4A63-BE74-A395653E2828}"
EndProject
Project("{2150E333-8FDC-42A3-9474-1A3956D46DE8}") = "MODEL", "MODEL", "{8FB5CF41-AF42-4444-BA39-B08A6FED0DD1}"
EndProject
Project("{2150E333-8FDC-42A3-9474-1A3956D46DE8}") = "WEB", "WEB", "{EFACC43E-9080-4B23-B7ED-81EFC8D7652D}"
EndProject
Project("{FAE04EC0-301F-11D3-BF4B-00C04F79EFBC}") = "BMS.INTERFACE", "BMS.INTERFACE\BMS.INTERFACE.csproj", "{DCAFA210-79AA-4B0E-A282-C39EFD33E9CF}"
EndProject
Project("{2150E333-8FDC-42A3-9474-1A3956D46DE8}") = "INTERFACE", "INTERFACE", "{453184E5-2322-44A4-90EE-4E46EF3A7363}"
EndProject
Project("{FAE04EC0-301F-11D3-BF4B-00C04F79EFBC}") = "BMS.STRUCTURE", "BMS.STRUCTURE\BMS.STRUCTURE.csproj", "{2CE5971C-76A4-4DE3-83E3-7A1AACC839F4}"
EndProject
Project("{2150E333-8FDC-42A3-9474-1A3956D46DE8}") = "STRUCTURE", "STRUCTURE", "{87B7AF9C-1D71-4242-A2B3-CCD581B6DB41}"
EndProject
Project("{4F174C21-8C12-11D0-8340-0000F80270F8}") = "BMS.DATABASE", "BMS.DATABASE\BMS.DATABASE.dbp", "{5494EF6C-368D-460B-9D2B-9DD3C58CCF2F}"
EndProject
Project("{2150E333-8FDC-42A3-9474-1A3956D46DE8}") = "DATABASE", "DATABASE", "{3A766237-9183-47E0-9B32-487EA24E68C8}"
EndProject
Global
	GlobalSection(SolutionConfigurationPlatforms) = preSolution
		Debug|Any CPU = Debug|Any CPU
		Release|Any CPU = Release|Any CPU
	EndGlobalSection
	GlobalSection(ProjectConfigurationPlatforms) = postSolution
		{BFBB778E-05DD-45F7-872A-7E6733415690}.Debug|Any CPU.ActiveCfg = Debug|Any CPU
		{BFBB778E-05DD-45F7-872A-7E6733415690}.Debug|Any CPU.Build.0 = Debug|Any CPU
		{BFBB778E-05DD-45F7-872A-7E6733415690}.Release|Any CPU.ActiveCfg = Release|Any CPU
		{BFBB778E-05DD-45F7-872A-7E6733415690}.Release|Any CPU.Build.0 = Release|Any CPU
		{307CD938-0736-4A89-BC18-958DB943B947}.Debug|Any CPU.ActiveCfg = Debug|Any CPU
		{307CD938-0736-4A89-BC18-958DB943B947}.Debug|Any CPU.Build.0 = Debug|Any CPU
		{307CD938-0736-4A89-BC18-958DB943B947}.Release|Any CPU.ActiveCfg = Release|Any CPU
		{307CD938-0736-4A89-BC18-958DB943B947}.Release|Any CPU.Build.0 = Release|Any CPU
		{3A3070F8-6CCB-4F77-9B8C-E25A917E13FD}.Debug|Any CPU.ActiveCfg = Debug|Any CPU
		{3A3070F8-6CCB-4F77-9B8C-E25A917E13FD}.Debug|Any CPU.Build.0 = Debug|Any CPU
		{3A3070F8-6CCB-4F77-9B8C-E25A917E13FD}.Release|Any CPU.ActiveCfg = Release|Any CPU
		{3A3070F8-6CCB-4F77-9B8C-E25A917E13FD}.Release|Any CPU.Build.0 = Release|Any CPU
		{4772A80D-F454-4BE4-B376-0350FD114F43}.Debug|Any CPU.ActiveCfg = Debug|Any CPU
		{4772A80D-F454-4BE4-B376-0350FD114F43}.Debug|Any CPU.Build.0 = Debug|Any CPU
		{4772A80D-F454-4BE4-B376-0350FD114F43}.Release|Any CPU.ActiveCfg = Release|Any CPU
		{4772A80D-F454-4BE4-B376-0350FD114F43}.Release|Any CPU.Build.0 = Release|Any CPU
		{C7F9BC11-509C-465B-9AE4-9C2C064D3D43}.Debug|Any CPU.ActiveCfg = Debug|Any CPU
		{C7F9BC11-509C-465B-9AE4-9C2C064D3D43}.Debug|Any CPU.Build.0 = Debug|Any CPU
		{C7F9BC11-509C-465B-9AE4-9C2C064D3D43}.Release|Any CPU.ActiveCfg = Release|Any CPU
		{C7F9BC11-509C-465B-9AE4-9C2C064D3D43}.Release|Any CPU.Build.0 = Release|Any CPU
		{74FB125B-9FBF-4A63-BE74-A395653E2828}.Debug|Any CPU.ActiveCfg = Debug|Any CPU
		{74FB125B-9FBF-4A63-BE74-A395653E2828}.Debug|Any CPU.Build.0 = Debug|Any CPU
		{74FB125B-9FBF-4A63-BE74-A395653E2828}.Release|Any CPU.ActiveCfg = Release|Any CPU
		{74FB125B-9FBF-4A63-BE74-A395653E2828}.Release|Any CPU.Build.0 = Release|Any CPU
		{DCAFA210-79AA-4B0E-A282-C39EFD33E9CF}.Debug|Any CPU.ActiveCfg = Debug|Any CPU
		{DCAFA210-79AA-4B0E-A282-C39EFD33E9CF}.Debug|Any CPU.Build.0 = Debug|Any CPU
		{DCAFA210-79AA-4B0E-A282-C39EFD33E9CF}.Release|Any CPU.ActiveCfg = Release|Any CPU
		{DCAFA210-79AA-4B0E-A282-C39EFD33E9CF}.Release|Any CPU.Build.0 = Release|Any CPU
		{2CE5971C-76A4-4DE3-83E3-7A1AACC839F4}.Debug|Any CPU.ActiveCfg = Debug|Any CPU
		{2CE5971C-76A4-4DE3-83E3-7A1AACC839F4}.Debug|Any CPU.Build.0 = Debug|Any CPU
		{2CE5971C-76A4-4DE3-83E3-7A1AACC839F4}.Release|Any CPU.ActiveCfg = Release|Any CPU
		{2CE5971C-76A4-4DE3-83E3-7A1AACC839F4}.Release|Any CPU.Build.0 = Release|Any CPU
	EndGlobalSection
	GlobalSection(SolutionProperties) = preSolution
		HideSolutionNode = FALSE
	EndGlobalSection
	GlobalSection(NestedProjects) = preSolution
		{BFBB778E-05DD-45F7-872A-7E6733415690} = {EFACC43E-9080-4B23-B7ED-81EFC8D7652D}
		{307CD938-0736-4A89-BC18-958DB943B947} = {F58E0E23-CFC0-4239-8931-DF6EF2CF38EB}
		{C7F9BC11-509C-465B-9AE4-9C2C064D3D43} = {F58E0E23-CFC0-4239-8931-DF6EF2CF38EB}
		{3A3070F8-6CCB-4F77-9B8C-E25A917E13FD} = {4AF2E434-CDA9-4C6C-9336-F804875F41AF}
		{4772A80D-F454-4BE4-B376-0350FD114F43} = {4AF2E434-CDA9-4C6C-9336-F804875F41AF}
		{74FB125B-9FBF-4A63-BE74-A395653E2828} = {8FB5CF41-AF42-4444-BA39-B08A6FED0DD1}
		{DCAFA210-79AA-4B0E-A282-C39EFD33E9CF} = {453184E5-2322-44A4-90EE-4E46EF3A7363}
		{2CE5971C-76A4-4DE3-83E3-7A1AACC839F4} = {87B7AF9C-1D71-4242-A2B3-CCD581B6DB41}
		{5494EF6C-368D-460B-9D2B-9DD3C58CCF2F} = {3A766237-9183-47E0-9B32-487EA24E68C8}
	EndGlobalSection
EndGlobal
